
Microsoft Visual Studio Solution File, Format Version 12.00
# Visual Studio Version 17
VisualStudioVersion = 17.6.33829.357
MinimumVisualStudioVersion = 10.0.40219.1
Project("{FAE04EC0-301F-11D3-BF4B-00C04F79EFBC}") = "LocalidadesAPI", "LocalidadesAPI\LocalidadesAPI.csproj", "{6C29FC34-55F4-4C95-8393-7E591EE0D7F2}"
EndProject
Global
	GlobalSection(SolutionConfigurationPlatforms) = preSolution
		Debug|Any CPU = Debug|Any CPU
		Release|Any CPU = Release|Any CPU
	EndGlobalSection
	GlobalSection(ProjectConfigurationPlatforms) = postSolution
		{6C29FC34-55F4-4C95-8393-7E591EE0D7F2}.Debug|Any CPU.ActiveCfg = Debug|Any CPU
		{6C29FC34-55F4-4C95-8393-7E591EE0D7F2}.Debug|Any CPU.Build.0 = Debug|Any CPU
		{6C29FC34-55F4-4C95-8393-7E591EE0D7F2}.Release|Any CPU.ActiveCfg = Release|Any CPU
		{6C29FC34-55F4-4C95-8393-7E591EE0D7F2}.Release|Any CPU.Build.0 = Release|Any CPU
	EndGlobalSection
	GlobalSection(SolutionProperties) = preSolution
		HideSolutionNode = FALSE
	EndGlobalSection
	GlobalSection(ExtensibilityGlobals) = postSolution
		SolutionGuid = {34F4478C-3794-4A94-A882-775F3BC5CB62}
	EndGlobalSection
EndGlobal
